
Microsoft Visual Studio Solution File, Format Version 12.00
# Visual Studio Version 17
VisualStudioVersion = 17.1.32319.34
MinimumVisualStudioVersion = 10.0.40219.1
Project("{FAE04EC0-301F-11D3-BF4B-00C04F79EFBC}") = "BussinessObject", "BussinessObject\BussinessObject.csproj", "{A1712951-6DF7-4E37-BD64-6554EB6609CC}"
EndProject
Project("{FAE04EC0-301F-11D3-BF4B-00C04F79EFBC}") = "DataAccess", "DataAccess\DataAccess.csproj", "{8F34AE33-84E7-49C1-9038-3D098BE9E7CA}"
EndProject
Project("{FAE04EC0-301F-11D3-BF4B-00C04F79EFBC}") = "ZooManagementApp", "ZooManagementApp\ZooManagementApp.csproj", "{58D9C0BB-662F-48D8-BB05-DA4E473242A9}"
EndProject
Global
	GlobalSection(SolutionConfigurationPlatforms) = preSolution
		Debug|Any CPU = Debug|Any CPU
		Release|Any CPU = Release|Any CPU
	EndGlobalSection
	GlobalSection(ProjectConfigurationPlatforms) = postSolution
		{A1712951-6DF7-4E37-BD64-6554EB6609CC}.Debug|Any CPU.ActiveCfg = Debug|Any CPU
		{A1712951-6DF7-4E37-BD64-6554EB6609CC}.Debug|Any CPU.Build.0 = Debug|Any CPU
		{A1712951-6DF7-4E37-BD64-6554EB6609CC}.Release|Any CPU.ActiveCfg = Release|Any CPU
		{A1712951-6DF7-4E37-BD64-6554EB6609CC}.Release|Any CPU.Build.0 = Release|Any CPU
		{8F34AE33-84E7-49C1-9038-3D098BE9E7CA}.Debug|Any CPU.ActiveCfg = Debug|Any CPU
		{8F34AE33-84E7-49C1-9038-3D098BE9E7CA}.Debug|Any CPU.Build.0 = Debug|Any CPU
		{8F34AE33-84E7-49C1-9038-3D098BE9E7CA}.Release|Any CPU.ActiveCfg = Release|Any CPU
		{8F34AE33-84E7-49C1-9038-3D098BE9E7CA}.Release|Any CPU.Build.0 = Release|Any CPU
		{58D9C0BB-662F-48D8-BB05-DA4E473242A9}.Debug|Any CPU.ActiveCfg = Debug|Any CPU
		{58D9C0BB-662F-48D8-BB05-DA4E473242A9}.Debug|Any CPU.Build.0 = Debug|Any CPU
		{58D9C0BB-662F-48D8-BB05-DA4E473242A9}.Release|Any CPU.ActiveCfg = Release|Any CPU
		{58D9C0BB-662F-48D8-BB05-DA4E473242A9}.Release|Any CPU.Build.0 = Release|Any CPU
	EndGlobalSection
	GlobalSection(SolutionProperties) = preSolution
		HideSolutionNode = FALSE
	EndGlobalSection
	GlobalSection(ExtensibilityGlobals) = postSolution
		SolutionGuid = {9261872D-BFE9-4363-9797-054238CCC1E4}
	EndGlobalSection
EndGlobal
